
Microsoft Visual Studio Solution File, Format Version 12.00
# Visual Studio Version 17
VisualStudioVersion = 17.11.35327.3
MinimumVisualStudioVersion = 10.0.40219.1
Project("{FAE04EC0-301F-11D3-BF4B-00C04F79EFBC}") = "Accademy_2024_esercizi_train4digital", "Accademy_2024_esercizi_train4digital.csproj", "{DECD8D0D-00A5-4FAC-B08B-A4534A408B70}"
EndProject
Project("{2150E333-8FDC-42A3-9474-1A3956D46DE8}") = "Solution Items", "Solution Items", "{8B5081CA-05E1-442D-AE55-58BAFC7E7F89}"
	ProjectSection(SolutionItems) = preProject
		.gitignore = .gitignore
	EndProjectSection
EndProject
Global
	GlobalSection(SolutionConfigurationPlatforms) = preSolution
		Debug|Any CPU = Debug|Any CPU
		Release|Any CPU = Release|Any CPU
	EndGlobalSection
	GlobalSection(ProjectConfigurationPlatforms) = postSolution
		{DECD8D0D-00A5-4FAC-B08B-A4534A408B70}.Debug|Any CPU.ActiveCfg = Debug|Any CPU
		{DECD8D0D-00A5-4FAC-B08B-A4534A408B70}.Debug|Any CPU.Build.0 = Debug|Any CPU
		{DECD8D0D-00A5-4FAC-B08B-A4534A408B70}.Release|Any CPU.ActiveCfg = Release|Any CPU
		{DECD8D0D-00A5-4FAC-B08B-A4534A408B70}.Release|Any CPU.Build.0 = Release|Any CPU
	EndGlobalSection
	GlobalSection(SolutionProperties) = preSolution
		HideSolutionNode = FALSE
	EndGlobalSection
	GlobalSection(ExtensibilityGlobals) = postSolution
		SolutionGuid = {ACD3AA72-EFE2-4B1F-8FA1-C69C700D9BDC}
	EndGlobalSection
EndGlobal
